
Microsoft Visual Studio Solution File, Format Version 12.00
# Visual Studio 15
VisualStudioVersion = 15.0.28010.2046
MinimumVisualStudioVersion = 10.0.40219.1
Project("{FAE04EC0-301F-11D3-BF4B-00C04F79EFBC}") = "Test10", "Test10\Test10.csproj", "{FBEE024B-B793-4785-AF93-B1766989DED7}"
EndProject
Global
	GlobalSection(SolutionConfigurationPlatforms) = preSolution
		Debug|Any CPU = Debug|Any CPU
		Release|Any CPU = Release|Any CPU
	EndGlobalSection
	GlobalSection(ProjectConfigurationPlatforms) = postSolution
		{FBEE024B-B793-4785-AF93-B1766989DED7}.Debug|Any CPU.ActiveCfg = Debug|Any CPU
		{FBEE024B-B793-4785-AF93-B1766989DED7}.Debug|Any CPU.Build.0 = Debug|Any CPU
		{FBEE024B-B793-4785-AF93-B1766989DED7}.Release|Any CPU.ActiveCfg = Release|Any CPU
		{FBEE024B-B793-4785-AF93-B1766989DED7}.Release|Any CPU.Build.0 = Release|Any CPU
	EndGlobalSection
	GlobalSection(SolutionProperties) = preSolution
		HideSolutionNode = FALSE
	EndGlobalSection
	GlobalSection(ExtensibilityGlobals) = postSolution
		SolutionGuid = {683EAB39-DAE3-4E52-AF4A-E25759BC31B2}
	EndGlobalSection
EndGlobal
